
Microsoft Visual Studio Solution File, Format Version 11.00
# Visual Studio 2010
Project("{FAE04EC0-301F-11D3-BF4B-00C04F79EFBC}") = "UrlShortener.Web", "UrlShortener.Web\UrlShortener.Web.csproj", "{5EF27225-B521-4FAF-B590-38E87D49FAEE}"
EndProject
Project("{FAE04EC0-301F-11D3-BF4B-00C04F79EFBC}") = "UrlShortener.Tests", "UrlShortener.Tests\UrlShortener.Tests.csproj", "{EC0D69C0-03DE-49F8-B69D-F6D41F4B845B}"
EndProject
Global
	GlobalSection(SolutionConfigurationPlatforms) = preSolution
		Debug|Any CPU = Debug|Any CPU
		Release|Any CPU = Release|Any CPU
	EndGlobalSection
	GlobalSection(ProjectConfigurationPlatforms) = postSolution
		{5EF27225-B521-4FAF-B590-38E87D49FAEE}.Debug|Any CPU.ActiveCfg = Debug|Any CPU
		{5EF27225-B521-4FAF-B590-38E87D49FAEE}.Debug|Any CPU.Build.0 = Debug|Any CPU
		{5EF27225-B521-4FAF-B590-38E87D49FAEE}.Release|Any CPU.ActiveCfg = Release|Any CPU
		{5EF27225-B521-4FAF-B590-38E87D49FAEE}.Release|Any CPU.Build.0 = Release|Any CPU
		{EC0D69C0-03DE-49F8-B69D-F6D41F4B845B}.Debug|Any CPU.ActiveCfg = Debug|Any CPU
		{EC0D69C0-03DE-49F8-B69D-F6D41F4B845B}.Debug|Any CPU.Build.0 = Debug|Any CPU
		{EC0D69C0-03DE-49F8-B69D-F6D41F4B845B}.Release|Any CPU.ActiveCfg = Release|Any CPU
		{EC0D69C0-03DE-49F8-B69D-F6D41F4B845B}.Release|Any CPU.Build.0 = Release|Any CPU
	EndGlobalSection
	GlobalSection(SolutionProperties) = preSolution
		HideSolutionNode = FALSE
	EndGlobalSection
EndGlobal
